GEM
  remote: https://rubygems.org/
  specs:
    addressable (2.8.8)
      public_suffix (>= 2.0.2, < 8.0)
    feedbag (1.0.2)
      addressable (~> 2.8)
      nokogiri (~> 1.8, >= 1.8.2)
    mini_portile2 (2.8.9)
    nokogiri (1.19.0)
      mini_portile2 (~> 2.8.2)
      racc (~> 1.4)
    public_suffix (5.1.1)
    racc (1.8.1)

PLATFORMS
  ruby

DEPENDENCIES
  feedbag (~> 1.0)
  nokogiri (>= 1.18.9)

BUNDLED WITH
   2.5.23
